
Microsoft Visual Studio Solution File, Format Version 12.00
# Visual Studio Version 17
VisualStudioVersion = 17.1.32210.238
MinimumVisualStudioVersion = 10.0.40219.1
Project("{FAE04EC0-301F-11D3-BF4B-00C04F79EFBC}") = "Ex_Fx_Ab", "Ex_Fx_Ab\Ex_Fx_Ab.csproj", "{1B4E501C-3C4D-4311-8469-DC46C460D89D}"
EndProject
Global
	GlobalSection(SolutionConfigurationPlatforms) = preSolution
		Debug|Any CPU = Debug|Any CPU
		Release|Any CPU = Release|Any CPU
	EndGlobalSection
	GlobalSection(ProjectConfigurationPlatforms) = postSolution
		{1B4E501C-3C4D-4311-8469-DC46C460D89D}.Debug|Any CPU.ActiveCfg = Debug|Any CPU
		{1B4E501C-3C4D-4311-8469-DC46C460D89D}.Debug|Any CPU.Build.0 = Debug|Any CPU
		{1B4E501C-3C4D-4311-8469-DC46C460D89D}.Release|Any CPU.ActiveCfg = Release|Any CPU
		{1B4E501C-3C4D-4311-8469-DC46C460D89D}.Release|Any CPU.Build.0 = Release|Any CPU
	EndGlobalSection
	GlobalSection(SolutionProperties) = preSolution
		HideSolutionNode = FALSE
	EndGlobalSection
	GlobalSection(ExtensibilityGlobals) = postSolution
		SolutionGuid = {E0375E1B-D9CA-44BA-946E-22AC138B6CEC}
	EndGlobalSection
EndGlobal
